// !$*UTF8*$!
{
	archiveVersion = 1;
	classes = {
	};
	objectVersion = 50;
	objects = {

/* Begin PBXBuildFile section */
		D22D39A7267C4AAC0087FE72 /* AppDelegate.swift in Sources */ = {isa = PBXBuildFile; fileRef = D22D39A6267C4AAC0087FE72 /* AppDelegate.swift */; };
		D22D39A9267C4AAC0087FE72 /* SceneDelegate.swift in Sources */ = {isa = PBXBuildFile; fileRef = D22D39A8267C4AAC0087FE72 /* SceneDelegate.swift */; };
		D22D39AB267C4AAC0087FE72 /* ViewController.swift in Sources */ = {isa = PBXBuildFile; fileRef = D22D39AA267C4AAC0087FE72 /* ViewController.swift */; };
		D22D39AE267C4AAC0087FE72 /* Main.storyboard in Resources */ = {isa = PBXBuildFile; fileRef = D22D39AC267C4AAC0087FE72 /* Main.storyboard */; };
		D22D39B0267C4AB10087FE72 /* Assets.xcassets in Resources */ = {isa = PBXBuildFile; fileRef = D22D39AF267C4AB10087FE72 /* Assets.xcassets */; };
		D22D39B3267C4AB10087FE72 /* LaunchScreen.storyboard in Resources */ = {isa = PBXBuildFile; fileRef = D22D39B1267C4AB10087FE72 /* LaunchScreen.storyboard */; };
/* End PBXBuildFile section */

/* Begin PBXFileReference section */
		D22D39A3267C4AAC0087FE72 /* Lesson2Project.app */ = {isa = PBXFileReference; explicitFileType = wrapper.application; includeInIndex = 0; path = Lesson2Project.app; sourceTree = BUILT_PRODUCTS_DIR; };
		D22D39A6267C4AAC0087FE72 /* AppDelegate.swift */ = {isa = PBXFileReference; lastKnownFileType = sourcecode.swift; path = AppDelegate.swift; sourceTree = "<group>"; };
		D22D39A8267C4AAC0087FE72 /* SceneDelegate.swift */ = {isa = PBXFileReference; lastKnownFileType = sourcecode.swift; path = SceneDelegate.swift; sourceTree = "<group>"; };
		D22D39AA267C4AAC0087FE72 /* ViewController.swift */ = {isa = PBXFileReference; lastKnownFileType = sourcecode.swift; path = ViewController.swift; sourceTree = "<group>"; };
		D22D39AD267C4AAC0087FE72 /* Base */ = {isa = PBXFileReference; lastKnownFileType = file.storyboard; name = Base; path = Base.lproj/Main.storyboard; sourceTree = "<group>"; };
		D22D39AF267C4AB10087FE72 /* Assets.xcassets */ = {isa = PBXFileReference; lastKnownFileType = folder.assetcatalog; path = Assets.xcassets; sourceTree = "<group>"; };
		D22D39B2267C4AB10087FE72 /* Base */ = {isa = PBXFileReference; lastKnownFileType = file.storyboard; name = Base; path = Base.lproj/LaunchScreen.storyboard; sourceTree = "<group>"; };
		D22D39B4267C4AB10087FE72 /* Info.plist */ = {isa = PBXFileReference; lastKnownFileType = text.plist.xml; path = Info.plist; sourceTree = "<group>"; };
/* End PBXFileReference section */

/* Begin PBXFrameworksBuildPhase section */
		D22D39A0267C4AAC0087FE72 /* Frameworks */ = {
			isa = PBXFrameworksBuildPhase;
			buildActionMask = 2147483647;
			files = (
			);
			runOnlyForDeploymentPostprocessing = 0;
		};
/* End PBXFrameworksBuildPhase section */

/* Begin PBXGroup section */
		D22D399A267C4AAC0087FE72 = {
			isa = PBXGroup;
			children = (
				D22D39A5267C4AAC0087FE72 /* Lesson2Project */,
				D22D39A4267C4AAC0087FE72 /* Products */,
			);
			sourceTree = "<group>";
		};
		D22D39A4267C4AAC0087FE72 /* Products */ = {
			isa = PBXGroup;
			children = (
				D22D39A3267C4AAC0087FE72 /* Lesson2Project.app */,
			);
			name = Products;
			sourceTree = "<group>";
		};
		D22D39A5267C4AAC0087FE72 /* Lesson2Project */ = {
			isa = PBXGroup;
			children = (
				D22D39A6267C4AAC0087FE72 /* AppDelegate.swift */,
				D22D39A8267C4AAC0087FE72 /* SceneDelegate.swift */,
				D22D39AA267C4AAC0087FE72 /* ViewController.swift */,
				D22D39AC267C4AAC0087FE72 /* Main.storyboard */,
				D22D39AF267C4AB10087FE72 /* Assets.xcassets */,
				D22D39B1267C4AB10087FE72 /* LaunchScreen.storyboard */,
				D22D39B4267C4AB10087FE72 /* Info.plist */,
			);
			path = Lesson2Project;
			sourceTree = "<group>";
		};
/* End PBXGroup section */

/* Begin PBXNativeTarget section */
		D22D39A2267C4AAC0087FE72 /* Lesson2Project */ = {
			isa = PBXNativeTarget;
			buildConfigurationList = D22D39B7267C4AB10087FE72 /* Build configuration list for PBXNativeTarget "Lesson2Project" */;
			buildPhases = (
				D22D399F267C4AAC0087FE72 /* Sources */,
				D22D39A0267C4AAC0087FE72 /* Frameworks */,
				D22D39A1267C4AAC0087FE72 /* Resources */,
			);
			buildRules = (
			);
			dependencies = (
			);
			name = Lesson2Project;
			productName = Lesson2Project;
			productReference = D22D39A3267C4AAC0087FE72 /* Lesson2Project.app */;
			productType = "com.apple.product-type.application";
		};
/* End PBXNativeTarget section */

/* Begin PBXProject section */
		D22D399B267C4AAC0087FE72 /* Project object */ = {
			isa = PBXProject;
			attributes = {
				LastSwiftUpdateCheck = 1250;
				LastUpgradeCheck = 1250;
				TargetAttributes = {
					D22D39A2267C4AAC0087FE72 = {
						CreatedOnToolsVersion = 12.5;
					};
				};
			};
			buildConfigurationList = D22D399E267C4AAC0087FE72 /* Build configuration list for PBXProject "Lesson2Project" */;
			compatibilityVersion = "Xcode 9.3";
			developmentRegion = en;
			hasScannedForEncodings = 0;
			knownRegions = (
				en,
				Base,
			);
			mainGroup = D22D399A267C4AAC0087FE72;
			productRefGroup = D22D39A4267C4AAC0087FE72 /* Products */;
			projectDirPath = "";
			projectRoot = "";
			targets = (
				D22D39A2267C4AAC0087FE72 /* Lesson2Project */,
			);
		};
/* End PBXProject section */

/* Begin PBXResourcesBuildPhase section */
		D22D39A1267C4AAC0087FE72 /* Resources */ = {
			isa = PBXResourcesBuildPhase;
			buildActionMask = 2147483647;
			files = (
				D22D39B3267C4AB10087FE72 /* LaunchScreen.storyboard in Resources */,
				D22D39B0267C4AB10087FE72 /* Assets.xcassets in Resources */,
				D22D39AE267C4AAC0087FE72 /* Main.storyboard in Resources */,
			);
			runOnlyForDeploymentPostprocessing = 0;
		};
/* End PBXResourcesBuildPhase section */

/* Begin PBXSourcesBuildPhase section */
		D22D399F267C4AAC0087FE72 /* Sources */ = {
			isa = PBXSourcesBuildPhase;
			buildActionMask = 2147483647;
			files = (
				D22D39AB267C4AAC0087FE72 /* ViewController.swift in Sources */,
				D22D39A7267C4AAC0087FE72 /* AppDelegate.swift in Sources */,
				D22D39A9267C4AAC0087FE72 /* SceneDelegate.swift in Sources */,
			);
			runOnlyForDeploymentPostprocessing = 0;
		};
/* End PBXSourcesBuildPhase section */

/* Begin PBXVariantGroup section */
		D22D39AC267C4AAC0087FE72 /* Main.storyboard */ = {
			isa = PBXVariantGroup;
			children = (
				D22D39AD267C4AAC0087FE72 /* Base */,
			);
			name = Main.storyboard;
			sourceTree = "<group>";
		};
		D22D39B1267C4AB10087FE72 /* LaunchScreen.storyboard */ = {
			isa = PBXVariantGroup;
			children = (
				D22D39B2267C4AB10087FE72 /* Base */,
			);
			name = LaunchScreen.storyboard;
			sourceTree = "<group>";
		};
/* End PBXVariantGroup section */

/* Begin XCBuildConfiguration section */
		D22D39B5267C4AB10087FE72 /* Debug */ = {
			isa = XCBuildConfiguration;
			buildSettings = {
				ALWAYS_SEARCH_USER_PATHS = NO;
				CLANG_ANALYZER_NONNULL = YES;
				CLANG_ANALYZER_NUMBER_OBJECT_CONVERSION = YES_AGGRESSIVE;
				CLANG_CXX_LANGUAGE_STANDARD = "gnu++14";
				CLANG_CXX_LIBRARY = "libc++";
				CLANG_ENABLE_MODULES = YES;
				CLANG_ENABLE_OBJC_ARC = YES;
				CLANG_ENABLE_OBJC_WEAK = YES;
				CLANG_WARN_BLOCK_CAPTURE_AUTORELEASING = YES;
				CLANG_WARN_BOOL_CONVERSION = YES;
				CLANG_WARN_COMMA = YES;
				CLANG_WARN_CONSTANT_CONVERSION = YES;
				CLANG_WARN_DEPRECATED_OBJC_IMPLEMENTATIONS = YES;
				CLANG_WARN_DIRECT_OBJC_ISA_USAGE = YES_ERROR;
				CLANG_WARN_DOCUMENTATION_COMMENTS = YES;
				CLANG_WARN_EMPTY_BODY = YES;
				CLANG_WARN_ENUM_CONVERSION = YES;
				CLANG_WARN_INFINITE_RECURSION = YES;
				CLANG_WARN_INT_CONVERSION = YES;
				CLANG_WARN_NON_LITERAL_NULL_CONVERSION = YES;
				CLANG_WARN_OBJC_IMPLICIT_RETAIN_SELF = YES;
				CLANG_WARN_OBJC_LITERAL_CONVERSION = YES;
				CLANG_WARN_OBJC_ROOT_CLASS = YES_ERROR;
				CLANG_WARN_QUOTED_INCLUDE_IN_FRAMEWORK_HEADER = YES;
				CLANG_WARN_RANGE_LOOP_ANALYSIS = YES;
				CLANG_WARN_STRICT_PROTOTYPES = YES;
				CLANG_WARN_SUSPICIOUS_MOVE = YES;
				CLANG_WARN_UNGUARDED_AVAILABILITY = YES_AGGRESSIVE;
				CLANG_WARN_UNREACHABLE_CODE = YES;
				CLANG_WARN__DUPLICATE_METHOD_MATCH = YES;
				COPY_PHASE_STRIP = NO;
				DEBUG_INFORMATION_FORMAT = dwarf;
				ENABLE_STRICT_OBJC_MSGSEND = YES;
				ENABLE_TESTABILITY = YES;
				GCC_C_LANGUAGE_STANDARD = gnu11;
				GCC_DYNAMIC_NO_PIC = NO;
				GCC_NO_COMMON_BLOCKS = YES;
				GCC_OPTIMIZATION_LEVEL = 0;
				GCC_PREPROCESSOR_DEFINITIONS = (
					"DEBUG=1",
					"$(inherited)",
				);
				GCC_WARN_64_TO_32_BIT_CONVERSION = YES;
				GCC_WARN_ABOUT_RETURN_TYPE = YES_ERROR;
				GCC_WARN_UNDECLARED_SELECTOR = YES;
				GCC_WARN_UNINITIALIZED_AUTOS = YES_AGGRESSIVE;
				GCC_WARN_UNUSED_FUNCTION = YES;
				GCC_WARN_UNUSED_VARIABLE = YES;
				IPHONEOS_DEPLOYMENT_TARGET = 14.5;
				MTL_ENABLE_DEBUG_INFO = INCLUDE_SOURCE;
				MTL_FAST_MATH = YES;
				ONLY_ACTIVE_ARCH = YES;
				SDKROOT = iphoneos;
				SWIFT_ACTIVE_COMPILATION_CONDITIONS = DEBUG;
				SWIFT_OPTIMIZATION_LEVEL = "-Onone";
			};
			name = Debug;
		};
		D22D39B6267C4AB10087FE72 /* Release */ = {
			isa = XCBuildConfiguration;
			buildSettings = {
				ALWAYS_SEARCH_USER_PATHS = NO;
				CLANG_ANALYZER_NONNULL = YES;
				CLANG_ANALYZER_NUMBER_OBJECT_CONVERSION = YES_AGGRESSIVE;
				CLANG_CXX_LANGUAGE_STANDARD = "gnu++14";
				CLANG_CXX_LIBRARY = "libc++";
				CLANG_ENABLE_MODULES = YES;
				CLANG_ENABLE_OBJC_ARC = YES;
				CLANG_ENABLE_OBJC_WEAK = YES;
				CLANG_WARN_BLOCK_CAPTURE_AUTORELEASING = YES;
				CLANG_WARN_BOOL_CONVERSION = YES;
				CLANG_WARN_COMMA = YES;
				CLANG_WARN_CONSTANT_CONVERSION = YES;
				CLANG_WARN_DEPRECATED_OBJC_IMPLEMENTATIONS = YES;
				CLANG_WARN_DIRECT_OBJC_ISA_USAGE = YES_ERROR;
				CLANG_WARN_DOCUMENTATION_COMMENTS = YES;
				CLANG_WARN_EMPTY_BODY = YES;
				CLANG_WARN_ENUM_CONVERSION = YES;
				CLANG_WARN_INFINITE_RECURSION = YES;
				CLANG_WARN_INT_CONVERSION = YES;
				CLANG_WARN_NON_LITERAL_NULL_CONVERSION = YES;
				CLANG_WARN_OBJC_IMPLICIT_RETAIN_SELF = YES;
				CLANG_WARN_OBJC_LITERAL_CONVERSION = YES;
				CLANG_WARN_OBJC_ROOT_CLASS = YES_ERROR;
				CLANG_WARN_QUOTED_INCLUDE_IN_FRAMEWORK_HEADER = YES;
				CLANG_WARN_RANGE_LOOP_ANALYSIS = YES;
				CLANG_WARN_STRICT_PROTOTYPES = YES;
				CLANG_WARN_SUSPICIOUS_MOVE = YES;
				CLANG_WARN_UNGUARDED_AVAILABILITY = YES_AGGRESSIVE;
				CLANG_WARN_UNREACHABLE_CODE = YES;
				CLANG_WARN__DUPLICATE_METHOD_MATCH = YES;
				COPY_PHASE_STRIP = NO;
				DEBUG_INFORMATION_FORMAT = "dwarf-with-dsym";
				ENABLE_NS_ASSERTIONS = NO;
				ENABLE_STRICT_OBJC_MSGSEND = YES;
				GCC_C_LANGUAGE_STANDARD = gnu11;
				GCC_NO_COMMON_BLOCKS = YES;
				GCC_WARN_64_TO_32_BIT_CONVERSION = YES;
				GCC_WARN_ABOUT_RETURN_TYPE = YES_ERROR;
				GCC_WARN_UNDECLARED_SELECTOR = YES;
				GCC_WARN_UNINITIALIZED_AUTOS = YES_AGGRESSIVE;
				GCC_WARN_UNUSED_FUNCTION = YES;
				GCC_WARN_UNUSED_VARIABLE = YES;
				IPHONEOS_DEPLOYMENT_TARGET = 14.5;
				MTL_ENABLE_DEBUG_INFO = NO;
				MTL_FAST_MATH = YES;
				SDKROOT = iphoneos;
				SWIFT_COMPILATION_MODE = wholemodule;
				SWIFT_OPTIMIZATION_LEVEL = "-O";
				VALIDATE_PRODUCT = YES;
			};
			name = Release;
		};
		D22D39B8267C4AB10087FE72 /* Debug */ = {
			isa = XCBuildConfiguration;
			buildSettings = {
				ASSETCATALOG_COMPILER_APPICON_NAME = AppIcon;
				ASSETCATALOG_COMPILER_GLOBAL_ACCENT_COLOR_NAME = AccentColor;
				CODE_SIGN_STYLE = Automatic;
				DEVELOPMENT_TEAM = N928YKM49S;
				INFOPLIST_FILE = Lesson2Project/Info.plist;
				LD_RUNPATH_SEARCH_PATHS = (
					"$(inherited)",
					"@executable_path/Frameworks",
				);
				PRODUCT_BUNDLE_IDENTIFIER = ArushiAgrawal.Lesson2Project;
				PRODUCT_NAME = "$(TARGET_NAME)";
				SWIFT_VERSION = 5.0;
				TARGETED_DEVICE_FAMILY = "1,2";
			};
			name = Debug;
		};
		D22D39B9267C4AB10087FE72 /* Release */ = {
			isa = XCBuildConfiguration;
			buildSettings = {
				ASSETCATALOG_COMPILER_APPICON_NAME = AppIcon;
				ASSETCATALOG_COMPILER_GLOBAL_ACCENT_COLOR_NAME = AccentColor;
				CODE_SIGN_STYLE = Automatic;
				DEVELOPMENT_TEAM = N928YKM49S;
				INFOPLIST_FILE = Lesson2Project/Info.plist;
				LD_RUNPATH_SEARCH_PATHS = (
					"$(inherited)",
					"@executable_path/Frameworks",
				);
				PRODUCT_BUNDLE_IDENTIFIER = ArushiAgrawal.Lesson2Project;
				PRODUCT_NAME = "$(TARGET_NAME)";
				SWIFT_VERSION = 5.0;
				TARGETED_DEVICE_FAMILY = "1,2";
			};
			name = Release;
		};
/* End XCBuildConfiguration section */

/* Begin XCConfigurationList section */
		D22D399E267C4AAC0087FE72 /* Build configuration list for PBXProject "Lesson2Project" */ = {
			isa = XCConfigurationList;
			buildConfigurations = (
				D22D39B5267C4AB10087FE72 /* Debug */,
				D22D39B6267C4AB10087FE72 /* Release */,
			);
			defaultConfigurationIsVisible = 0;
			defaultConfigurationName = Release;
		};
		D22D39B7267C4AB10087FE72 /* Build configuration list for PBXNativeTarget "Lesson2Project" */ = {
			isa = XCConfigurationList;
			buildConfigurations = (
				D22D39B8267C4AB10087FE72 /* Debug */,
				D22D39B9267C4AB10087FE72 /* Release */,
			);
			defaultConfigurationIsVisible = 0;
			defaultConfigurationName = Release;
		};
/* End XCConfigurationList section */
	};
	rootObject = D22D399B267C4AAC0087FE72 /* Project object */;
}
